
Microsoft Visual Studio Solution File, Format Version 12.00
# Visual Studio 14
VisualStudioVersion = 14.0.25029.0
MinimumVisualStudioVersion = 10.0.40219.1
Project("{2150E333-8FDC-42A3-9474-1A3956D46DE8}") = "Soultion Items", "Soultion Items", "{CC689212-7F5C-4CEC-BEEB-44B0B415959E}"
	ProjectSection(SolutionItems) = preProject
		src\config.json = src\config.json
		global.json = global.json
	EndProjectSection
EndProject
Project("{2150E333-8FDC-42A3-9474-1A3956D46DE8}") = "src", "src", "{16E0E7AC-0945-45F1-8D10-F27027CCC1DE}"
EndProject
Project("{8BB2217D-0F2D-49D1-97BC-3654ED321F3B}") = "CoreDataStore.Domain", "src\CoreDataStore.Domain\CoreDataStore.Domain.xproj", "{4DBC1B8F-0082-4097-842A-3790F3C991C7}"
EndProject
Project("{8BB2217D-0F2D-49D1-97BC-3654ED321F3B}") = "CoreDataStore.Data.Sqlite", "src\CoreDataStore.Data.Sqlite\CoreDataStore.Data.Sqlite.xproj", "{64A42089-065E-4C17-9803-85B662DDB669}"
EndProject
Project("{8BB2217D-0F2D-49D1-97BC-3654ED321F3B}") = "CoreDataStore.Web", "src\CoreDataStore.Web\CoreDataStore.Web.xproj", "{14ED9D39-826C-4083-A878-F7298892B128}"
EndProject
Global
	GlobalSection(SolutionConfigurationPlatforms) = preSolution
		Debug|Any CPU = Debug|Any CPU
		Release|Any CPU = Release|Any CPU
	EndGlobalSection
	GlobalSection(ProjectConfigurationPlatforms) = postSolution
		{4DBC1B8F-0082-4097-842A-3790F3C991C7}.Debug|Any CPU.ActiveCfg = Debug|Any CPU
		{4DBC1B8F-0082-4097-842A-3790F3C991C7}.Debug|Any CPU.Build.0 = Debug|Any CPU
		{4DBC1B8F-0082-4097-842A-3790F3C991C7}.Release|Any CPU.ActiveCfg = Release|Any CPU
		{4DBC1B8F-0082-4097-842A-3790F3C991C7}.Release|Any CPU.Build.0 = Release|Any CPU
		{64A42089-065E-4C17-9803-85B662DDB669}.Debug|Any CPU.ActiveCfg = Debug|Any CPU
		{64A42089-065E-4C17-9803-85B662DDB669}.Debug|Any CPU.Build.0 = Debug|Any CPU
		{64A42089-065E-4C17-9803-85B662DDB669}.Release|Any CPU.ActiveCfg = Release|Any CPU
		{64A42089-065E-4C17-9803-85B662DDB669}.Release|Any CPU.Build.0 = Release|Any CPU
		{14ED9D39-826C-4083-A878-F7298892B128}.Debug|Any CPU.ActiveCfg = Debug|Any CPU
		{14ED9D39-826C-4083-A878-F7298892B128}.Debug|Any CPU.Build.0 = Debug|Any CPU
		{14ED9D39-826C-4083-A878-F7298892B128}.Release|Any CPU.ActiveCfg = Release|Any CPU
		{14ED9D39-826C-4083-A878-F7298892B128}.Release|Any CPU.Build.0 = Release|Any CPU
	EndGlobalSection
	GlobalSection(SolutionProperties) = preSolution
		HideSolutionNode = FALSE
	EndGlobalSection
	GlobalSection(NestedProjects) = preSolution
		{4DBC1B8F-0082-4097-842A-3790F3C991C7} = {16E0E7AC-0945-45F1-8D10-F27027CCC1DE}
		{64A42089-065E-4C17-9803-85B662DDB669} = {16E0E7AC-0945-45F1-8D10-F27027CCC1DE}
		{14ED9D39-826C-4083-A878-F7298892B128} = {16E0E7AC-0945-45F1-8D10-F27027CCC1DE}
	EndGlobalSection
EndGlobal
