
Microsoft Visual Studio Solution File, Format Version 12.00
# Visual Studio 15
VisualStudioVersion = 15.0.26621.2
MinimumVisualStudioVersion = 10.0.40219.1
Project("{2150E333-8FDC-42A3-9474-1A3956D46DE8}") = "Soultion Items", "Soultion Items", "{CC689212-7F5C-4CEC-BEEB-44B0B415959E}"
	ProjectSection(SolutionItems) = preProject
		appveyor.yml = appveyor.yml
		NuGet.config = NuGet.config
		README.md = README.md
	EndProjectSection
EndProject
Project("{2150E333-8FDC-42A3-9474-1A3956D46DE8}") = "src", "src", "{16E0E7AC-0945-45F1-8D10-F27027CCC1DE}"
EndProject
Project("{2150E333-8FDC-42A3-9474-1A3956D46DE8}") = "test", "test", "{03D6EAC4-7C2A-4737-9842-255C45C43CFC}"
EndProject
Project("{2150E333-8FDC-42A3-9474-1A3956D46DE8}") = "Docker", "Docker", "{9CAE5C90-C078-449A-9855-6E797F9FE4ED}"
	ProjectSection(SolutionItems) = preProject
		docker\aspnetcore.dockerfile = docker\aspnetcore.dockerfile
		docker\docker-compose-development.yml = docker\docker-compose-development.yml
		docker\docker-compose-staging.yml = docker\docker-compose-staging.yml
		docker\nanoserver.dockerfile = docker\nanoserver.dockerfile
		docker\node.dockerfile = docker\node.dockerfile
		docker\runtime.dockerfile = docker\runtime.dockerfile
		docker\windowsserver.dockerfile = docker\windowsserver.dockerfile
	EndProjectSection
EndProject
Project("{9A19103F-16F7-4668-BE54-9A1E7A4F7556}") = "CoreDataStore.Common", "src\CoreDataStore.Common\CoreDataStore.Common.csproj", "{9A19103F-16F7-4668-BE54-9A1E7A4F7912}"
EndProject
Project("{9A19103F-16F7-4668-BE54-9A1E7A4F7556}") = "CoreDataStore.Domain", "src\CoreDataStore.Domain\CoreDataStore.Domain.csproj", "{9A19103F-16F7-4668-BE54-9A1E7A4F7988}"
EndProject
Project("{9A19103F-16F7-4668-BE54-9A1E7A4F7556}") = "CoreDataStore.Data", "src\CoreDataStore.Data\CoreDataStore.Data.csproj", "{9A19103F-16F7-4668-BE54-9A1E7A4F7931}"
EndProject
Project("{9A19103F-16F7-4668-BE54-9A1E7A4F7556}") = "CoreDataStore.Data.SqlServer", "src\CoreDataStore.Data.SqlServer\CoreDataStore.Data.SqlServer.csproj", "{9A19103F-16F7-4668-BE54-9A1E7A4F79CC}"
EndProject
Project("{9A19103F-16F7-4668-BE54-9A1E7A4F7556}") = "CoreDataStore.Data.Sqlite", "src\CoreDataStore.Data.Sqlite\CoreDataStore.Data.Sqlite.csproj", "{9A19103F-16F7-4668-BE54-9A1E7A4F79AA}"
EndProject
Project("{9A19103F-16F7-4668-BE54-9A1E7A4F7556}") = "CoreDataStore.Service", "src\CoreDataStore.Service\CoreDataStore.Service.csproj", "{9A19103F-16F7-4668-BE54-9A1E7A4F3365}"
EndProject
Project("{9A19103F-16F7-4668-BE54-9A1E7A4F7556}") = "CoreDataStore.Web", "src\CoreDataStore.Web\CoreDataStore.Web.csproj", "{9A19103F-16F7-4668-BE54-9A1E7A4F7111}"
EndProject
Project("{9A19103F-16F7-4668-BE54-9A1E7A4F7556}") = "CoreDataStore.Web.Test", "test\CoreDataStore.Web.Test\CoreDataStore.Web.Test.csproj", "{9A19103F-16F7-4668-BE54-9A1E7A4F7775}"
EndProject
Project("{2150E333-8FDC-42A3-9474-1A3956D46DE8}") = "migrations", "migrations", "{F12604F2-A973-4F09-A7FF-DD75CD55F69C}"
EndProject
Project("{9A19103F-16F7-4668-BE54-9A1E7A4F7556}") = "CoreDataStore.Data.Postgre.EF", "migrations\CoreDataStore.Data.Postgre.EF\CoreDataStore.Data.Postgre.EF.csproj", "{9A19103F-16FF-46FF-BE54-9A1E7A4F7965}"
EndProject
Project("{9A19103F-16F7-4668-BE54-9A1E7A4F7556}") = "CoreDataStore.Data.SqlServer.EF", "migrations\CoreDataStore.Data.SqlServer.EF\CoreDataStore.Data.SqlServer.EF.csproj", "{1A19103F-16F7-4668-BE54-331E7A4F7965}"
EndProject
Project("{9A19103F-16F7-4668-BE54-9A1E7A4F7556}") = "CoreDataStore.Data.Postgre.Test", "test\CoreDataStore.Data.Postgre.Test\CoreDataStore.Data.Postgre.Test.csproj", "{9A19103F-16F7-4668-BE54-9A1E7A4F7444}"
EndProject
Project("{9A19103F-16F7-4668-BE54-9A1E7A4F7556}") = "CoreDataStore.Data.SqlServer.Test", "test\CoreDataStore.Data.SqlServer.Test\CoreDataStore.Data.SqlServer.Test.csproj", "{9A19103F-16F7-4668-BE54-9A1E7BBF7911}"
EndProject
Project("{9A19103F-16F7-4668-BE54-9A1E7A4F7556}") = "CoreDataStore.Service.Test", "test\CoreDataStore.Service.Test\CoreDataStore.Service.Test.csproj", "{9A19103F-16F7-4999-BE54-9A1E7A4F7965}"
EndProject
Project("{9A19103F-16F7-4668-BE54-9A1E7A4F7556}") = "CoreDataStore.Data.Postgre", "src\CoreDataStore.Data.Postgre\CoreDataStore.Data.Postgre.csproj", "{9A19103F-16F7-4668-BE54-9A1E7A4F7431}"
EndProject
Global
	GlobalSection(SolutionConfigurationPlatforms) = preSolution
		Debug|Any CPU = Debug|Any CPU
		Release|Any CPU = Release|Any CPU
	EndGlobalSection
	GlobalSection(ProjectConfigurationPlatforms) = postSolution
		{9A19103F-16F7-4668-BE54-9A1E7A4F7912}.Debug|Any CPU.ActiveCfg = Debug|Any CPU
		{9A19103F-16F7-4668-BE54-9A1E7A4F7912}.Debug|Any CPU.Build.0 = Debug|Any CPU
		{9A19103F-16F7-4668-BE54-9A1E7A4F7912}.Release|Any CPU.ActiveCfg = Release|Any CPU
		{9A19103F-16F7-4668-BE54-9A1E7A4F7912}.Release|Any CPU.Build.0 = Release|Any CPU
		{9A19103F-16F7-4668-BE54-9A1E7A4F7988}.Debug|Any CPU.ActiveCfg = Debug|Any CPU
		{9A19103F-16F7-4668-BE54-9A1E7A4F7988}.Debug|Any CPU.Build.0 = Debug|Any CPU
		{9A19103F-16F7-4668-BE54-9A1E7A4F7988}.Release|Any CPU.ActiveCfg = Release|Any CPU
		{9A19103F-16F7-4668-BE54-9A1E7A4F7988}.Release|Any CPU.Build.0 = Release|Any CPU
		{9A19103F-16F7-4668-BE54-9A1E7A4F7931}.Debug|Any CPU.ActiveCfg = Debug|Any CPU
		{9A19103F-16F7-4668-BE54-9A1E7A4F7931}.Debug|Any CPU.Build.0 = Debug|Any CPU
		{9A19103F-16F7-4668-BE54-9A1E7A4F7931}.Release|Any CPU.ActiveCfg = Release|Any CPU
		{9A19103F-16F7-4668-BE54-9A1E7A4F7931}.Release|Any CPU.Build.0 = Release|Any CPU
		{9A19103F-16F7-4668-BE54-9A1E7A4F79CC}.Debug|Any CPU.ActiveCfg = Debug|Any CPU
		{9A19103F-16F7-4668-BE54-9A1E7A4F79CC}.Debug|Any CPU.Build.0 = Debug|Any CPU
		{9A19103F-16F7-4668-BE54-9A1E7A4F79CC}.Release|Any CPU.ActiveCfg = Release|Any CPU
		{9A19103F-16F7-4668-BE54-9A1E7A4F79CC}.Release|Any CPU.Build.0 = Release|Any CPU
		{9A19103F-16F7-4668-BE54-9A1E7A4F79AA}.Debug|Any CPU.ActiveCfg = Debug|Any CPU
		{9A19103F-16F7-4668-BE54-9A1E7A4F79AA}.Debug|Any CPU.Build.0 = Debug|Any CPU
		{9A19103F-16F7-4668-BE54-9A1E7A4F79AA}.Release|Any CPU.ActiveCfg = Release|Any CPU
		{9A19103F-16F7-4668-BE54-9A1E7A4F79AA}.Release|Any CPU.Build.0 = Release|Any CPU
		{9A19103F-16F7-4668-BE54-9A1E7A4F3365}.Debug|Any CPU.ActiveCfg = Debug|Any CPU
		{9A19103F-16F7-4668-BE54-9A1E7A4F3365}.Debug|Any CPU.Build.0 = Debug|Any CPU
		{9A19103F-16F7-4668-BE54-9A1E7A4F3365}.Release|Any CPU.ActiveCfg = Release|Any CPU
		{9A19103F-16F7-4668-BE54-9A1E7A4F3365}.Release|Any CPU.Build.0 = Release|Any CPU
		{9A19103F-16F7-4668-BE54-9A1E7A4F7111}.Debug|Any CPU.ActiveCfg = Debug|Any CPU
		{9A19103F-16F7-4668-BE54-9A1E7A4F7111}.Debug|Any CPU.Build.0 = Debug|Any CPU
		{9A19103F-16F7-4668-BE54-9A1E7A4F7111}.Release|Any CPU.ActiveCfg = Release|Any CPU
		{9A19103F-16F7-4668-BE54-9A1E7A4F7111}.Release|Any CPU.Build.0 = Release|Any CPU
		{9A19103F-16F7-4668-BE54-9A1E7A4F7775}.Debug|Any CPU.ActiveCfg = Debug|Any CPU
		{9A19103F-16F7-4668-BE54-9A1E7A4F7775}.Debug|Any CPU.Build.0 = Debug|Any CPU
		{9A19103F-16F7-4668-BE54-9A1E7A4F7775}.Release|Any CPU.ActiveCfg = Release|Any CPU
		{9A19103F-16F7-4668-BE54-9A1E7A4F7775}.Release|Any CPU.Build.0 = Release|Any CPU
		{9A19103F-16FF-46FF-BE54-9A1E7A4F7965}.Debug|Any CPU.ActiveCfg = Debug|Any CPU
		{9A19103F-16FF-46FF-BE54-9A1E7A4F7965}.Debug|Any CPU.Build.0 = Debug|Any CPU
		{9A19103F-16FF-46FF-BE54-9A1E7A4F7965}.Release|Any CPU.ActiveCfg = Release|Any CPU
		{9A19103F-16FF-46FF-BE54-9A1E7A4F7965}.Release|Any CPU.Build.0 = Release|Any CPU
		{1A19103F-16F7-4668-BE54-331E7A4F7965}.Debug|Any CPU.ActiveCfg = Debug|Any CPU
		{1A19103F-16F7-4668-BE54-331E7A4F7965}.Debug|Any CPU.Build.0 = Debug|Any CPU
		{1A19103F-16F7-4668-BE54-331E7A4F7965}.Release|Any CPU.ActiveCfg = Release|Any CPU
		{1A19103F-16F7-4668-BE54-331E7A4F7965}.Release|Any CPU.Build.0 = Release|Any CPU
		{9A19103F-16F7-4668-BE54-9A1E7A4F7444}.Debug|Any CPU.ActiveCfg = Debug|Any CPU
		{9A19103F-16F7-4668-BE54-9A1E7A4F7444}.Debug|Any CPU.Build.0 = Debug|Any CPU
		{9A19103F-16F7-4668-BE54-9A1E7A4F7444}.Release|Any CPU.ActiveCfg = Release|Any CPU
		{9A19103F-16F7-4668-BE54-9A1E7A4F7444}.Release|Any CPU.Build.0 = Release|Any CPU
		{9A19103F-16F7-4668-BE54-9A1E7BBF7911}.Debug|Any CPU.ActiveCfg = Debug|Any CPU
		{9A19103F-16F7-4668-BE54-9A1E7BBF7911}.Debug|Any CPU.Build.0 = Debug|Any CPU
		{9A19103F-16F7-4668-BE54-9A1E7BBF7911}.Release|Any CPU.ActiveCfg = Release|Any CPU
		{9A19103F-16F7-4668-BE54-9A1E7BBF7911}.Release|Any CPU.Build.0 = Release|Any CPU
		{9A19103F-16F7-4999-BE54-9A1E7A4F7965}.Debug|Any CPU.ActiveCfg = Debug|Any CPU
		{9A19103F-16F7-4999-BE54-9A1E7A4F7965}.Debug|Any CPU.Build.0 = Debug|Any CPU
		{9A19103F-16F7-4999-BE54-9A1E7A4F7965}.Release|Any CPU.ActiveCfg = Release|Any CPU
		{9A19103F-16F7-4999-BE54-9A1E7A4F7965}.Release|Any CPU.Build.0 = Release|Any CPU
		{9A19103F-16F7-4668-BE54-9A1E7A4F7431}.Debug|Any CPU.ActiveCfg = Debug|Any CPU
		{9A19103F-16F7-4668-BE54-9A1E7A4F7431}.Debug|Any CPU.Build.0 = Debug|Any CPU
		{9A19103F-16F7-4668-BE54-9A1E7A4F7431}.Release|Any CPU.ActiveCfg = Release|Any CPU
		{9A19103F-16F7-4668-BE54-9A1E7A4F7431}.Release|Any CPU.Build.0 = Release|Any CPU
	EndGlobalSection
	GlobalSection(SolutionProperties) = preSolution
		HideSolutionNode = FALSE
	EndGlobalSection
	GlobalSection(NestedProjects) = preSolution
		{9A19103F-16F7-4668-BE54-9A1E7A4F7912} = {16E0E7AC-0945-45F1-8D10-F27027CCC1DE}
		{9A19103F-16F7-4668-BE54-9A1E7A4F7988} = {16E0E7AC-0945-45F1-8D10-F27027CCC1DE}
		{9A19103F-16F7-4668-BE54-9A1E7A4F7931} = {16E0E7AC-0945-45F1-8D10-F27027CCC1DE}
		{9A19103F-16F7-4668-BE54-9A1E7A4F79CC} = {16E0E7AC-0945-45F1-8D10-F27027CCC1DE}
		{9A19103F-16F7-4668-BE54-9A1E7A4F79AA} = {16E0E7AC-0945-45F1-8D10-F27027CCC1DE}
		{9A19103F-16F7-4668-BE54-9A1E7A4F3365} = {16E0E7AC-0945-45F1-8D10-F27027CCC1DE}
		{9A19103F-16F7-4668-BE54-9A1E7A4F7111} = {16E0E7AC-0945-45F1-8D10-F27027CCC1DE}
		{9A19103F-16F7-4668-BE54-9A1E7A4F7775} = {03D6EAC4-7C2A-4737-9842-255C45C43CFC}
		{9A19103F-16FF-46FF-BE54-9A1E7A4F7965} = {F12604F2-A973-4F09-A7FF-DD75CD55F69C}
		{1A19103F-16F7-4668-BE54-331E7A4F7965} = {F12604F2-A973-4F09-A7FF-DD75CD55F69C}
		{9A19103F-16F7-4668-BE54-9A1E7A4F7444} = {03D6EAC4-7C2A-4737-9842-255C45C43CFC}
		{9A19103F-16F7-4668-BE54-9A1E7BBF7911} = {03D6EAC4-7C2A-4737-9842-255C45C43CFC}
		{9A19103F-16F7-4999-BE54-9A1E7A4F7965} = {03D6EAC4-7C2A-4737-9842-255C45C43CFC}
		{9A19103F-16F7-4668-BE54-9A1E7A4F7431} = {16E0E7AC-0945-45F1-8D10-F27027CCC1DE}
	EndGlobalSection
	GlobalSection(ExtensibilityGlobals) = postSolution
		SolutionGuid = {5E7F98F7-A125-40A8-87FB-5FF78A9B04D0}
	EndGlobalSection
EndGlobal
