
Microsoft Visual Studio Solution File, Format Version 12.00
# Visual Studio 14
VisualStudioVersion = 14.0.25123.0
MinimumVisualStudioVersion = 10.0.40219.1
Project("{2150E333-8FDC-42A3-9474-1A3956D46DE8}") = "Soultion Items", "Soultion Items", "{CC689212-7F5C-4CEC-BEEB-44B0B415959E}"
	ProjectSection(SolutionItems) = preProject
		src\config.json = src\config.json
		global.json = global.json
		NuGet.config = NuGet.config
		README.md = README.md
	EndProjectSection
EndProject
Project("{2150E333-8FDC-42A3-9474-1A3956D46DE8}") = "src", "src", "{16E0E7AC-0945-45F1-8D10-F27027CCC1DE}"
EndProject
Project("{8BB2217D-0F2D-49D1-97BC-3654ED321F3B}") = "CoreDataStore.Domain", "src\CoreDataStore.Domain\CoreDataStore.Domain.xproj", "{1E6357BF-3D65-4D2E-B9B2-9ABB7B0DEB85}"
EndProject
Project("{8BB2217D-0F2D-49D1-97BC-3654ED321F3B}") = "CoreDataStore.Data.Sqlite", "src\CoreDataStore.Data.Sqlite\CoreDataStore.Data.Sqlite.xproj", "{4AEA3544-5C8B-452C-9C36-0B8F2E0B1A02}"
EndProject
Project("{8BB2217D-0F2D-49D1-97BC-3654ED321F3B}") = "SimpleBloggingApp", "src\SimpleBloggingApp\SimpleBloggingApp.xproj", "{55443C67-78D7-4E42-890F-9B1E25A304AE}"
EndProject
Project("{8BB2217D-0F2D-49D1-97BC-3654ED321F3B}") = "CoreDataStore.Web", "src\CoreDataStore.Web\CoreDataStore.Web.xproj", "{70417AE1-918D-4D47-9028-88238093D3CE}"
EndProject
Project("{8BB2217D-0F2D-49D1-97BC-3654ED321F3B}") = "CoreDataStore.Service", "src\CoreDataStore.Service\CoreDataStore.Service.xproj", "{59A3B239-C840-4FFE-A81A-B1EEA0476DEC}"
EndProject
Project("{8BB2217D-0F2D-49D1-97BC-3654ED321F3B}") = "CoreDataStore.Data", "src\CoreDataStore.Data\CoreDataStore.Data.xproj", "{AF96400D-09DF-48C0-821F-9A9A81072F49}"
EndProject
Global
	GlobalSection(SolutionConfigurationPlatforms) = preSolution
		Debug|Any CPU = Debug|Any CPU
		Release|Any CPU = Release|Any CPU
	EndGlobalSection
	GlobalSection(ProjectConfigurationPlatforms) = postSolution
		{1E6357BF-3D65-4D2E-B9B2-9ABB7B0DEB85}.Debug|Any CPU.ActiveCfg = Debug|Any CPU
		{1E6357BF-3D65-4D2E-B9B2-9ABB7B0DEB85}.Debug|Any CPU.Build.0 = Debug|Any CPU
		{1E6357BF-3D65-4D2E-B9B2-9ABB7B0DEB85}.Release|Any CPU.ActiveCfg = Release|Any CPU
		{1E6357BF-3D65-4D2E-B9B2-9ABB7B0DEB85}.Release|Any CPU.Build.0 = Release|Any CPU
		{4AEA3544-5C8B-452C-9C36-0B8F2E0B1A02}.Debug|Any CPU.ActiveCfg = Debug|Any CPU
		{4AEA3544-5C8B-452C-9C36-0B8F2E0B1A02}.Debug|Any CPU.Build.0 = Debug|Any CPU
		{4AEA3544-5C8B-452C-9C36-0B8F2E0B1A02}.Release|Any CPU.ActiveCfg = Release|Any CPU
		{4AEA3544-5C8B-452C-9C36-0B8F2E0B1A02}.Release|Any CPU.Build.0 = Release|Any CPU
		{55443C67-78D7-4E42-890F-9B1E25A304AE}.Debug|Any CPU.ActiveCfg = Debug|Any CPU
		{55443C67-78D7-4E42-890F-9B1E25A304AE}.Debug|Any CPU.Build.0 = Debug|Any CPU
		{55443C67-78D7-4E42-890F-9B1E25A304AE}.Release|Any CPU.ActiveCfg = Release|Any CPU
		{55443C67-78D7-4E42-890F-9B1E25A304AE}.Release|Any CPU.Build.0 = Release|Any CPU
		{70417AE1-918D-4D47-9028-88238093D3CE}.Debug|Any CPU.ActiveCfg = Debug|Any CPU
		{70417AE1-918D-4D47-9028-88238093D3CE}.Debug|Any CPU.Build.0 = Debug|Any CPU
		{70417AE1-918D-4D47-9028-88238093D3CE}.Release|Any CPU.ActiveCfg = Release|Any CPU
		{70417AE1-918D-4D47-9028-88238093D3CE}.Release|Any CPU.Build.0 = Release|Any CPU
		{59A3B239-C840-4FFE-A81A-B1EEA0476DEC}.Debug|Any CPU.ActiveCfg = Debug|Any CPU
		{59A3B239-C840-4FFE-A81A-B1EEA0476DEC}.Debug|Any CPU.Build.0 = Debug|Any CPU
		{59A3B239-C840-4FFE-A81A-B1EEA0476DEC}.Release|Any CPU.ActiveCfg = Release|Any CPU
		{59A3B239-C840-4FFE-A81A-B1EEA0476DEC}.Release|Any CPU.Build.0 = Release|Any CPU
		{AF96400D-09DF-48C0-821F-9A9A81072F49}.Debug|Any CPU.ActiveCfg = Debug|Any CPU
		{AF96400D-09DF-48C0-821F-9A9A81072F49}.Debug|Any CPU.Build.0 = Debug|Any CPU
		{AF96400D-09DF-48C0-821F-9A9A81072F49}.Release|Any CPU.ActiveCfg = Release|Any CPU
		{AF96400D-09DF-48C0-821F-9A9A81072F49}.Release|Any CPU.Build.0 = Release|Any CPU
	EndGlobalSection
	GlobalSection(SolutionProperties) = preSolution
		HideSolutionNode = FALSE
	EndGlobalSection
	GlobalSection(NestedProjects) = preSolution
		{1E6357BF-3D65-4D2E-B9B2-9ABB7B0DEB85} = {16E0E7AC-0945-45F1-8D10-F27027CCC1DE}
		{4AEA3544-5C8B-452C-9C36-0B8F2E0B1A02} = {16E0E7AC-0945-45F1-8D10-F27027CCC1DE}
		{55443C67-78D7-4E42-890F-9B1E25A304AE} = {16E0E7AC-0945-45F1-8D10-F27027CCC1DE}
		{70417AE1-918D-4D47-9028-88238093D3CE} = {16E0E7AC-0945-45F1-8D10-F27027CCC1DE}
		{59A3B239-C840-4FFE-A81A-B1EEA0476DEC} = {16E0E7AC-0945-45F1-8D10-F27027CCC1DE}
		{AF96400D-09DF-48C0-821F-9A9A81072F49} = {16E0E7AC-0945-45F1-8D10-F27027CCC1DE}
	EndGlobalSection
EndGlobal
